
Microsoft Visual Studio Solution File, Format Version 12.00
# Visual Studio Version 17
VisualStudioVersion = 17.7.33808.371
MinimumVisualStudioVersion = 10.0.40219.1
Project("{9A19103F-16F7-4668-BE54-9A1E7A4F7556}") = "Action-Delay-API", "Action-Delay-API\Action-Delay-API.csproj", "{11277B13-4E90-400B-8A60-810A5D7F3AAB}"
EndProject
Project("{9A19103F-16F7-4668-BE54-9A1E7A4F7556}") = "Action-Delay-API-Core", "Action-Delay-API-Core\Action-Delay-API-Core.csproj", "{0DA713D1-0630-4729-9F32-EAC62A6CCF96}"
EndProject
Project("{9A19103F-16F7-4668-BE54-9A1E7A4F7556}") = "Action-Delay-API-Worker", "Action-Delay-API-Worker\Action-Delay-API-Worker.csproj", "{B5B0C69B-528C-40DE-A25D-B426E3832BE2}"
EndProject
Project("{FAE04EC0-301F-11D3-BF4B-00C04F79EFBC}") = "Action-Delay-API-Sync", "Action-Delay-API-Sync\Action-Delay-API-Sync.csproj", "{BD851F95-FDE7-406C-AA02-9985CBE35B10}"
EndProject
Project("{2150E333-8FDC-42A3-9474-1A3956D46DE8}") = "Tests", "Tests", "{AA239E0E-02AB-49FE-AFDF-D09385DC735C}"
EndProject
Project("{FAE04EC0-301F-11D3-BF4B-00C04F79EFBC}") = "Action-Delay-API-Tests", "Action-Delay-API-Tests\Action-Delay-API-Tests.csproj", "{59B8BA37-C999-46D7-BC71-A56B076D8084}"
EndProject
Project("{FAE04EC0-301F-11D3-BF4B-00C04F79EFBC}") = "Action-Delay-API-Core-Tests", "Action-Delay-API-Core-Tests\Action-Delay-API-Core-Tests.csproj", "{BCE7BA44-BE57-4F25-99D9-963F7F5B01DF}"
EndProject
Project("{2150E333-8FDC-42A3-9474-1A3956D46DE8}") = "Sync", "Sync", "{02EA681E-C7D8-13C7-8484-4AC65E1B71E8}"
EndProject
Project("{FAE04EC0-301F-11D3-BF4B-00C04F79EFBC}") = "Action-Delay-API-Clickhouse-Sync", "Action-Delay-API-Clickhouse-Worker\Action-Delay-API-Clickhouse-Sync.csproj", "{2C9CC764-A281-498A-816C-89F32E0B01CA}"
EndProject
Global
	GlobalSection(SolutionConfigurationPlatforms) = preSolution
		Debug|Any CPU = Debug|Any CPU
		Release|Any CPU = Release|Any CPU
	EndGlobalSection
	GlobalSection(ProjectConfigurationPlatforms) = postSolution
		{11277B13-4E90-400B-8A60-810A5D7F3AAB}.Debug|Any CPU.ActiveCfg = Debug|Any CPU
		{11277B13-4E90-400B-8A60-810A5D7F3AAB}.Debug|Any CPU.Build.0 = Debug|Any CPU
		{11277B13-4E90-400B-8A60-810A5D7F3AAB}.Release|Any CPU.ActiveCfg = Release|Any CPU
		{11277B13-4E90-400B-8A60-810A5D7F3AAB}.Release|Any CPU.Build.0 = Release|Any CPU
		{0DA713D1-0630-4729-9F32-EAC62A6CCF96}.Debug|Any CPU.ActiveCfg = Debug|Any CPU
		{0DA713D1-0630-4729-9F32-EAC62A6CCF96}.Debug|Any CPU.Build.0 = Debug|Any CPU
		{0DA713D1-0630-4729-9F32-EAC62A6CCF96}.Release|Any CPU.ActiveCfg = Release|Any CPU
		{0DA713D1-0630-4729-9F32-EAC62A6CCF96}.Release|Any CPU.Build.0 = Release|Any CPU
		{B5B0C69B-528C-40DE-A25D-B426E3832BE2}.Debug|Any CPU.ActiveCfg = Debug|Any CPU
		{B5B0C69B-528C-40DE-A25D-B426E3832BE2}.Debug|Any CPU.Build.0 = Debug|Any CPU
		{B5B0C69B-528C-40DE-A25D-B426E3832BE2}.Release|Any CPU.ActiveCfg = Release|Any CPU
		{B5B0C69B-528C-40DE-A25D-B426E3832BE2}.Release|Any CPU.Build.0 = Release|Any CPU
		{BD851F95-FDE7-406C-AA02-9985CBE35B10}.Debug|Any CPU.ActiveCfg = Debug|Any CPU
		{BD851F95-FDE7-406C-AA02-9985CBE35B10}.Debug|Any CPU.Build.0 = Debug|Any CPU
		{BD851F95-FDE7-406C-AA02-9985CBE35B10}.Release|Any CPU.ActiveCfg = Release|Any CPU
		{BD851F95-FDE7-406C-AA02-9985CBE35B10}.Release|Any CPU.Build.0 = Release|Any CPU
		{59B8BA37-C999-46D7-BC71-A56B076D8084}.Debug|Any CPU.ActiveCfg = Debug|Any CPU
		{59B8BA37-C999-46D7-BC71-A56B076D8084}.Debug|Any CPU.Build.0 = Debug|Any CPU
		{59B8BA37-C999-46D7-BC71-A56B076D8084}.Release|Any CPU.ActiveCfg = Release|Any CPU
		{59B8BA37-C999-46D7-BC71-A56B076D8084}.Release|Any CPU.Build.0 = Release|Any CPU
		{BCE7BA44-BE57-4F25-99D9-963F7F5B01DF}.Debug|Any CPU.ActiveCfg = Debug|Any CPU
		{BCE7BA44-BE57-4F25-99D9-963F7F5B01DF}.Debug|Any CPU.Build.0 = Debug|Any CPU
		{BCE7BA44-BE57-4F25-99D9-963F7F5B01DF}.Release|Any CPU.ActiveCfg = Release|Any CPU
		{BCE7BA44-BE57-4F25-99D9-963F7F5B01DF}.Release|Any CPU.Build.0 = Release|Any CPU
		{2C9CC764-A281-498A-816C-89F32E0B01CA}.Debug|Any CPU.ActiveCfg = Debug|Any CPU
		{2C9CC764-A281-498A-816C-89F32E0B01CA}.Debug|Any CPU.Build.0 = Debug|Any CPU
		{2C9CC764-A281-498A-816C-89F32E0B01CA}.Release|Any CPU.ActiveCfg = Release|Any CPU
		{2C9CC764-A281-498A-816C-89F32E0B01CA}.Release|Any CPU.Build.0 = Release|Any CPU
	EndGlobalSection
	GlobalSection(SolutionProperties) = preSolution
		HideSolutionNode = FALSE
	EndGlobalSection
	GlobalSection(NestedProjects) = preSolution
		{BD851F95-FDE7-406C-AA02-9985CBE35B10} = {02EA681E-C7D8-13C7-8484-4AC65E1B71E8}
		{59B8BA37-C999-46D7-BC71-A56B076D8084} = {AA239E0E-02AB-49FE-AFDF-D09385DC735C}
		{BCE7BA44-BE57-4F25-99D9-963F7F5B01DF} = {AA239E0E-02AB-49FE-AFDF-D09385DC735C}
		{2C9CC764-A281-498A-816C-89F32E0B01CA} = {02EA681E-C7D8-13C7-8484-4AC65E1B71E8}
	EndGlobalSection
	GlobalSection(ExtensibilityGlobals) = postSolution
		SolutionGuid = {0DA232B0-9E99-4E9A-8AA0-937D1E55EF4B}
	EndGlobalSection
EndGlobal
