
Microsoft Visual Studio Solution File, Format Version 12.00
# Visual Studio Version 17
VisualStudioVersion = 17.10.34916.146
MinimumVisualStudioVersion = 10.0.40219.1
Project("{FAE04EC0-301F-11D3-BF4B-00C04F79EFBC}") = "Action-Delay-Api-Worker-Cli", "Action-Delay-Api-Worker-Cli.csproj", "{67C2EABE-4C36-40F2-9D94-ABCDF7533AAF}"
EndProject
Global
	GlobalSection(SolutionConfigurationPlatforms) = preSolution
		Debug|Any CPU = Debug|Any CPU
		Release|Any CPU = Release|Any CPU
	EndGlobalSection
	GlobalSection(ProjectConfigurationPlatforms) = postSolution
		{67C2EABE-4C36-40F2-9D94-ABCDF7533AAF}.Debug|Any CPU.ActiveCfg = Debug|Any CPU
		{67C2EABE-4C36-40F2-9D94-ABCDF7533AAF}.Debug|Any CPU.Build.0 = Debug|Any CPU
		{67C2EABE-4C36-40F2-9D94-ABCDF7533AAF}.Release|Any CPU.ActiveCfg = Release|Any CPU
		{67C2EABE-4C36-40F2-9D94-ABCDF7533AAF}.Release|Any CPU.Build.0 = Release|Any CPU
	EndGlobalSection
	GlobalSection(SolutionProperties) = preSolution
		HideSolutionNode = FALSE
	EndGlobalSection
	GlobalSection(ExtensibilityGlobals) = postSolution
		SolutionGuid = {6458861A-5FBC-4D21-BC09-A22CAE0C5093}
	EndGlobalSection
EndGlobal
